
Microsoft Visual Studio Solution File, Format Version 12.00
# Visual Studio Version 17
VisualStudioVersion = 17.9.34701.34
MinimumVisualStudioVersion = 10.0.40219.1
Project("{9A19103F-16F7-4668-BE54-9A1E7A4F7556}") = "EmployeeBlazorApp", "EmployeeBlazorApp\EmployeeBlazorApp.csproj", "{24BDC7C0-9733-49DC-9318-995CB1697C88}"
EndProject
Project("{9A19103F-16F7-4668-BE54-9A1E7A4F7556}") = "BusinessLogicLayer", "BusinessLogicLayer\BusinessLogicLayer.csproj", "{1199B1D7-04F5-4277-B510-F0C6434BEC9F}"
EndProject
Project("{9A19103F-16F7-4668-BE54-9A1E7A4F7556}") = "DataAccessLayer", "DataAccessLayer\DataAccessLayer.csproj", "{13F5B36B-7B50-4208-B3A6-347B77795D38}"
EndProject
Project("{9A19103F-16F7-4668-BE54-9A1E7A4F7556}") = "BsoftWebAPI", "BsoftWebAPI\BsoftWebAPI.csproj", "{C28B41B0-A4B8-4CD6-B98F-92393DD01AD3}"
EndProject
Project("{FAE04EC0-301F-11D3-BF4B-00C04F79EFBC}") = "BsoftEmployee.Tests", "BsoftEmployee.Tests\BsoftEmployee.Tests.csproj", "{FC131FD2-6F03-407C-9BC7-0877F4486124}"
EndProject
Global
	GlobalSection(SolutionConfigurationPlatforms) = preSolution
		Debug|Any CPU = Debug|Any CPU
		Release|Any CPU = Release|Any CPU
	EndGlobalSection
	GlobalSection(ProjectConfigurationPlatforms) = postSolution
		{24BDC7C0-9733-49DC-9318-995CB1697C88}.Debug|Any CPU.ActiveCfg = Debug|Any CPU
		{24BDC7C0-9733-49DC-9318-995CB1697C88}.Debug|Any CPU.Build.0 = Debug|Any CPU
		{24BDC7C0-9733-49DC-9318-995CB1697C88}.Release|Any CPU.ActiveCfg = Release|Any CPU
		{24BDC7C0-9733-49DC-9318-995CB1697C88}.Release|Any CPU.Build.0 = Release|Any CPU
		{1199B1D7-04F5-4277-B510-F0C6434BEC9F}.Debug|Any CPU.ActiveCfg = Debug|Any CPU
		{1199B1D7-04F5-4277-B510-F0C6434BEC9F}.Debug|Any CPU.Build.0 = Debug|Any CPU
		{1199B1D7-04F5-4277-B510-F0C6434BEC9F}.Release|Any CPU.ActiveCfg = Release|Any CPU
		{1199B1D7-04F5-4277-B510-F0C6434BEC9F}.Release|Any CPU.Build.0 = Release|Any CPU
		{13F5B36B-7B50-4208-B3A6-347B77795D38}.Debug|Any CPU.ActiveCfg = Debug|Any CPU
		{13F5B36B-7B50-4208-B3A6-347B77795D38}.Debug|Any CPU.Build.0 = Debug|Any CPU
		{13F5B36B-7B50-4208-B3A6-347B77795D38}.Release|Any CPU.ActiveCfg = Release|Any CPU
		{13F5B36B-7B50-4208-B3A6-347B77795D38}.Release|Any CPU.Build.0 = Release|Any CPU
		{C28B41B0-A4B8-4CD6-B98F-92393DD01AD3}.Debug|Any CPU.ActiveCfg = Debug|Any CPU
		{C28B41B0-A4B8-4CD6-B98F-92393DD01AD3}.Debug|Any CPU.Build.0 = Debug|Any CPU
		{C28B41B0-A4B8-4CD6-B98F-92393DD01AD3}.Release|Any CPU.ActiveCfg = Release|Any CPU
		{C28B41B0-A4B8-4CD6-B98F-92393DD01AD3}.Release|Any CPU.Build.0 = Release|Any CPU
		{FC131FD2-6F03-407C-9BC7-0877F4486124}.Debug|Any CPU.ActiveCfg = Debug|Any CPU
		{FC131FD2-6F03-407C-9BC7-0877F4486124}.Debug|Any CPU.Build.0 = Debug|Any CPU
		{FC131FD2-6F03-407C-9BC7-0877F4486124}.Release|Any CPU.ActiveCfg = Release|Any CPU
		{FC131FD2-6F03-407C-9BC7-0877F4486124}.Release|Any CPU.Build.0 = Release|Any CPU
	EndGlobalSection
	GlobalSection(SolutionProperties) = preSolution
		HideSolutionNode = FALSE
	EndGlobalSection
	GlobalSection(ExtensibilityGlobals) = postSolution
		SolutionGuid = {F5E04552-1B25-49B2-816F-822EDA7ECD7B}
	EndGlobalSection
EndGlobal
